
Microsoft Visual Studio Solution File, Format Version 12.00
# Visual Studio Version 16
VisualStudioVersion = 16.0.28427.150
MinimumVisualStudioVersion = 10.0.40219.1
Project("{2150E333-8FDC-42A3-9474-1A3956D46DE8}") = "Tests", "Tests", "{9AFF2EBF-08DA-44C1-AC09-187561FF1147}"
EndProject
Project("{2150E333-8FDC-42A3-9474-1A3956D46DE8}") = "Samples", "Samples", "{B8A39E8C-1B73-4A95-BB26-E92D39B7A932}"
EndProject
Project("{2150E333-8FDC-42A3-9474-1A3956D46DE8}") = "XamlHost", "XamlHost", "{E3B3FB12-67C0-404C-BA3F-08E65BCC682C}"
EndProject
Project("{2150E333-8FDC-42A3-9474-1A3956D46DE8}") = "WebView", "WebView", "{C0C8A97B-5921-465A-880C-3D5098872295}"
EndProject
Project("{9A19103F-16F7-4668-BE54-9A1E7A4F7556}") = "UnitTests.WebView.Shared", "Tests\UnitTests.WebView.Shared\UnitTests.WebView.Shared.csproj", "{B220BE88-944E-45D1-9248-6FAEF53868A3}"
EndProject
Project("{9A19103F-16F7-4668-BE54-9A1E7A4F7556}") = "UnitTests.WebView.WinForms", "Tests\UnitTests.WebView.WinForms\UnitTests.WebView.WinForms.csproj", "{10129749-7761-49B8-96B9-94BC833BA60B}"
EndProject
Project("{9A19103F-16F7-4668-BE54-9A1E7A4F7556}") = "UnitTests.WebView.WPF", "Tests\UnitTests.WebView.WPF\UnitTests.WebView.WPF.csproj", "{2E49400E-B114-4FAE-B743-6CB57B500E31}"
EndProject
Project("{9A19103F-16F7-4668-BE54-9A1E7A4F7556}") = "Microsoft.Toolkit.Forms.UI.XamlHost", "Microsoft.Toolkit.Forms.UI.XamlHost\Microsoft.Toolkit.Forms.UI.XamlHost.csproj", "{B4911490-D52E-4CF2-BD14-BA487BDF2240}"
EndProject
Project("{9A19103F-16F7-4668-BE54-9A1E7A4F7556}") = "Microsoft.Toolkit.Wpf.UI.XamlHost", "Microsoft.Toolkit.Wpf.UI.XamlHost\Microsoft.Toolkit.Wpf.UI.XamlHost.csproj", "{8861D7E9-A7C5-4174-8FCE-3DCDF33C318B}"
EndProject
Project("{9A19103F-16F7-4668-BE54-9A1E7A4F7556}") = "Microsoft.Toolkit.Forms.UI.Controls", "Microsoft.Toolkit.Forms.UI.Controls\Microsoft.Toolkit.Forms.UI.Controls.csproj", "{9B054ABA-B5B4-42F4-8E29-97DCCF79C726}"
EndProject
Project("{9A19103F-16F7-4668-BE54-9A1E7A4F7556}") = "Microsoft.Toolkit.Sample.Forms.WebView", "Microsoft.Toolkit.Sample.Forms.WebView\Microsoft.Toolkit.Sample.Forms.WebView.csproj", "{D103E448-64B1-407C-B09E-7C61AF9F2740}"
EndProject
Project("{9A19103F-16F7-4668-BE54-9A1E7A4F7556}") = "Microsoft.Toolkit.Sample.Wpf.WebView", "Microsoft.Toolkit.Sample.Wpf.WebView\Microsoft.Toolkit.Sample.Wpf.WebView.csproj", "{2FE9AA6A-BD27-438F-9941-221033E4A1DD}"
EndProject
Project("{9A19103F-16F7-4668-BE54-9A1E7A4F7556}") = "Microsoft.Toolkit.Sample.Wpf.App", "Microsoft.Toolkit.Sample.Wpf.App\Microsoft.Toolkit.Sample.Wpf.App.csproj", "{45524ED2-8B5A-42E8-97A2-DCA44ECC83AA}"
EndProject
Project("{2150E333-8FDC-42A3-9474-1A3956D46DE8}") = "Samples", "Samples", "{78966152-2550-4FA3-BDAC-CBEB078E739F}"
EndProject
Project("{9A19103F-16F7-4668-BE54-9A1E7A4F7556}") = "Microsoft.Toolkit.Wpf.UI.Controls", "Microsoft.Toolkit.Wpf.UI.Controls\Microsoft.Toolkit.Wpf.UI.Controls.csproj", "{B131E361-78CE-489B-B2C4-130C5FEB70F4}"
EndProject
Project("{9A19103F-16F7-4668-BE54-9A1E7A4F7556}") = "Microsoft.Toolkit.Forms.UI.Controls.WebView", "Microsoft.Toolkit.Forms.UI.Controls.WebView\Microsoft.Toolkit.Forms.UI.Controls.WebView.csproj", "{A6F9DAE8-8CDC-4693-83E7-C9C59D1477FE}"
EndProject
Project("{9A19103F-16F7-4668-BE54-9A1E7A4F7556}") = "Microsoft.Toolkit.Wpf.UI.Controls.WebView", "Microsoft.Toolkit.Wpf.UI.Controls.WebView\Microsoft.Toolkit.Wpf.UI.Controls.WebView.csproj", "{F8393C4E-4501-4CC2-8767-ABFE3AD1C0FB}"
EndProject
Project("{9A19103F-16F7-4668-BE54-9A1E7A4F7556}") = "Microsoft.Toolkit.Sample.Forms.App", "Microsoft.Toolkit.Sample.Forms.App\Microsoft.Toolkit.Sample.Forms.App.csproj", "{9C49A885-D39B-4CA0-9DEB-204A6EA7D453}"
EndProject
Project("{2150E333-8FDC-42A3-9474-1A3956D46DE8}") = "Solution Items", "Solution Items", "{2B59D500-7A53-452F-B0AF-774E0ED98C16}"
	ProjectSection(SolutionItems) = preProject
		azure-pipelines.yml = azure-pipelines.yml
		build\build.cake = build\build.cake
		Directory.Build.props = Directory.Build.props
		Directory.Build.targets = Directory.Build.targets
		build\Install-WindowsSdkISO.ps1 = build\Install-WindowsSdkISO.ps1
		Microsoft.WinRT.Win32.targets = Microsoft.WinRT.Win32.targets
		version.json = version.json
	EndProjectSection
EndProject
Project("{9A19103F-16F7-4668-BE54-9A1E7A4F7556}") = "Microsoft.Toolkit.Win32.UI.XamlHost.Managed", "Microsoft.Toolkit.Win32.UI.XamlHost\Microsoft.Toolkit.Win32.UI.XamlHost.Managed.csproj", "{F87EDD34-AF48-45C7-9342-49023B882DA1}"
	ProjectSection(ProjectDependencies) = postProject
		{015A0047-772D-4F1A-88C9-45C18F0ADFB6} = {015A0047-772D-4F1A-88C9-45C18F0ADFB6}
	EndProjectSection
EndProject
Project("{FAE04EC0-301F-11D3-BF4B-00C04F79EFBC}") = "Microsoft.Toolkit.Sample.UWP.App", "Microsoft.Toolkit.Sample.UWP.App\Microsoft.Toolkit.Sample.UWP.App.csproj", "{0F5A016F-981F-485D-871C-F75C4FAE60C5}"
EndProject
Project("{8BC9CEB8-8B4A-11D0-8D11-00A0C91BC942}") = "Microsoft.Toolkit.Win32.UI.XamlHost", "Microsoft.Toolkit.Win32.UI.XamlApplication\Microsoft.Toolkit.Win32.UI.XamlApplication.vcxproj", "{015A0047-772D-4F1A-88C9-45C18F0ADFB6}"
EndProject
Project("{9A19103F-16F7-4668-BE54-9A1E7A4F7556}") = "Microsoft.Toolkit.Win32.UI.XamlApplication.Package", "Microsoft.Toolkit.Win32.UI.XamlApplication.Package\Microsoft.Toolkit.Win32.UI.XamlApplication.Package.csproj", "{AF47C3D9-0E6E-4431-BB04-A4B6AA804A93}"
	ProjectSection(ProjectDependencies) = postProject
		{015A0047-772D-4F1A-88C9-45C18F0ADFB6} = {015A0047-772D-4F1A-88C9-45C18F0ADFB6}
	EndProjectSection
EndProject
Global
	GlobalSection(SolutionConfigurationPlatforms) = preSolution
		Debug|x64 = Debug|x64
		Debug|x86 = Debug|x86
		Release|x64 = Release|x64
		Release|x86 = Release|x86
	EndGlobalSection
	GlobalSection(ProjectConfigurationPlatforms) = postSolution
		{B220BE88-944E-45D1-9248-6FAEF53868A3}.Debug|x64.ActiveCfg = Debug|x64
		{B220BE88-944E-45D1-9248-6FAEF53868A3}.Debug|x64.Build.0 = Debug|x64
		{B220BE88-944E-45D1-9248-6FAEF53868A3}.Debug|x86.ActiveCfg = Debug|x86
		{B220BE88-944E-45D1-9248-6FAEF53868A3}.Debug|x86.Build.0 = Debug|x86
		{B220BE88-944E-45D1-9248-6FAEF53868A3}.Release|x64.ActiveCfg = Release|Any CPU
		{B220BE88-944E-45D1-9248-6FAEF53868A3}.Release|x64.Build.0 = Release|Any CPU
		{B220BE88-944E-45D1-9248-6FAEF53868A3}.Release|x86.ActiveCfg = Release|Any CPU
		{B220BE88-944E-45D1-9248-6FAEF53868A3}.Release|x86.Build.0 = Release|Any CPU
		{10129749-7761-49B8-96B9-94BC833BA60B}.Debug|x64.ActiveCfg = Debug|x64
		{10129749-7761-49B8-96B9-94BC833BA60B}.Debug|x64.Build.0 = Debug|x64
		{10129749-7761-49B8-96B9-94BC833BA60B}.Debug|x86.ActiveCfg = Debug|x86
		{10129749-7761-49B8-96B9-94BC833BA60B}.Debug|x86.Build.0 = Debug|x86
		{10129749-7761-49B8-96B9-94BC833BA60B}.Release|x64.ActiveCfg = Release|Any CPU
		{10129749-7761-49B8-96B9-94BC833BA60B}.Release|x64.Build.0 = Release|Any CPU
		{10129749-7761-49B8-96B9-94BC833BA60B}.Release|x86.ActiveCfg = Release|Any CPU
		{10129749-7761-49B8-96B9-94BC833BA60B}.Release|x86.Build.0 = Release|Any CPU
		{2E49400E-B114-4FAE-B743-6CB57B500E31}.Debug|x64.ActiveCfg = Debug|x64
		{2E49400E-B114-4FAE-B743-6CB57B500E31}.Debug|x64.Build.0 = Debug|x64
		{2E49400E-B114-4FAE-B743-6CB57B500E31}.Debug|x86.ActiveCfg = Debug|x86
		{2E49400E-B114-4FAE-B743-6CB57B500E31}.Debug|x86.Build.0 = Debug|x86
		{2E49400E-B114-4FAE-B743-6CB57B500E31}.Release|x64.ActiveCfg = Release|Any CPU
		{2E49400E-B114-4FAE-B743-6CB57B500E31}.Release|x64.Build.0 = Release|Any CPU
		{2E49400E-B114-4FAE-B743-6CB57B500E31}.Release|x86.ActiveCfg = Release|Any CPU
		{2E49400E-B114-4FAE-B743-6CB57B500E31}.Release|x86.Build.0 = Release|Any CPU
		{B4911490-D52E-4CF2-BD14-BA487BDF2240}.Debug|x64.ActiveCfg = Debug|x64
		{B4911490-D52E-4CF2-BD14-BA487BDF2240}.Debug|x64.Build.0 = Debug|x64
		{B4911490-D52E-4CF2-BD14-BA487BDF2240}.Debug|x86.ActiveCfg = Debug|x86
		{B4911490-D52E-4CF2-BD14-BA487BDF2240}.Debug|x86.Build.0 = Debug|x86
		{B4911490-D52E-4CF2-BD14-BA487BDF2240}.Release|x64.ActiveCfg = Release|Any CPU
		{B4911490-D52E-4CF2-BD14-BA487BDF2240}.Release|x64.Build.0 = Release|Any CPU
		{B4911490-D52E-4CF2-BD14-BA487BDF2240}.Release|x86.ActiveCfg = Release|Any CPU
		{B4911490-D52E-4CF2-BD14-BA487BDF2240}.Release|x86.Build.0 = Release|Any CPU
		{8861D7E9-A7C5-4174-8FCE-3DCDF33C318B}.Debug|x64.ActiveCfg = Debug|x64
		{8861D7E9-A7C5-4174-8FCE-3DCDF33C318B}.Debug|x64.Build.0 = Debug|x64
		{8861D7E9-A7C5-4174-8FCE-3DCDF33C318B}.Debug|x86.ActiveCfg = Debug|x86
		{8861D7E9-A7C5-4174-8FCE-3DCDF33C318B}.Debug|x86.Build.0 = Debug|x86
		{8861D7E9-A7C5-4174-8FCE-3DCDF33C318B}.Release|x64.ActiveCfg = Release|Any CPU
		{8861D7E9-A7C5-4174-8FCE-3DCDF33C318B}.Release|x64.Build.0 = Release|Any CPU
		{8861D7E9-A7C5-4174-8FCE-3DCDF33C318B}.Release|x86.ActiveCfg = Release|Any CPU
		{8861D7E9-A7C5-4174-8FCE-3DCDF33C318B}.Release|x86.Build.0 = Release|Any CPU
		{9B054ABA-B5B4-42F4-8E29-97DCCF79C726}.Debug|x64.ActiveCfg = Debug|x64
		{9B054ABA-B5B4-42F4-8E29-97DCCF79C726}.Debug|x64.Build.0 = Debug|x64
		{9B054ABA-B5B4-42F4-8E29-97DCCF79C726}.Debug|x86.ActiveCfg = Debug|x86
		{9B054ABA-B5B4-42F4-8E29-97DCCF79C726}.Debug|x86.Build.0 = Debug|x86
		{9B054ABA-B5B4-42F4-8E29-97DCCF79C726}.Release|x64.ActiveCfg = Release|Any CPU
		{9B054ABA-B5B4-42F4-8E29-97DCCF79C726}.Release|x64.Build.0 = Release|Any CPU
		{9B054ABA-B5B4-42F4-8E29-97DCCF79C726}.Release|x86.ActiveCfg = Release|Any CPU
		{9B054ABA-B5B4-42F4-8E29-97DCCF79C726}.Release|x86.Build.0 = Release|Any CPU
		{D103E448-64B1-407C-B09E-7C61AF9F2740}.Debug|x64.ActiveCfg = Debug|x64
		{D103E448-64B1-407C-B09E-7C61AF9F2740}.Debug|x64.Build.0 = Debug|x64
		{D103E448-64B1-407C-B09E-7C61AF9F2740}.Debug|x86.ActiveCfg = Debug|x86
		{D103E448-64B1-407C-B09E-7C61AF9F2740}.Debug|x86.Build.0 = Debug|x86
		{D103E448-64B1-407C-B09E-7C61AF9F2740}.Release|x64.ActiveCfg = Release|x64
		{D103E448-64B1-407C-B09E-7C61AF9F2740}.Release|x64.Build.0 = Release|x64
		{D103E448-64B1-407C-B09E-7C61AF9F2740}.Release|x86.ActiveCfg = Release|x86
		{D103E448-64B1-407C-B09E-7C61AF9F2740}.Release|x86.Build.0 = Release|x86
		{2FE9AA6A-BD27-438F-9941-221033E4A1DD}.Debug|x64.ActiveCfg = Debug|x64
		{2FE9AA6A-BD27-438F-9941-221033E4A1DD}.Debug|x64.Build.0 = Debug|x64
		{2FE9AA6A-BD27-438F-9941-221033E4A1DD}.Debug|x86.ActiveCfg = Debug|x86
		{2FE9AA6A-BD27-438F-9941-221033E4A1DD}.Debug|x86.Build.0 = Debug|x86
		{2FE9AA6A-BD27-438F-9941-221033E4A1DD}.Release|x64.ActiveCfg = Release|x64
		{2FE9AA6A-BD27-438F-9941-221033E4A1DD}.Release|x64.Build.0 = Release|x64
		{2FE9AA6A-BD27-438F-9941-221033E4A1DD}.Release|x86.ActiveCfg = Release|x86
		{2FE9AA6A-BD27-438F-9941-221033E4A1DD}.Release|x86.Build.0 = Release|x86
		{45524ED2-8B5A-42E8-97A2-DCA44ECC83AA}.Debug|x64.ActiveCfg = Debug|x64
		{45524ED2-8B5A-42E8-97A2-DCA44ECC83AA}.Debug|x64.Build.0 = Debug|x64
		{45524ED2-8B5A-42E8-97A2-DCA44ECC83AA}.Debug|x86.ActiveCfg = Debug|x86
		{45524ED2-8B5A-42E8-97A2-DCA44ECC83AA}.Debug|x86.Build.0 = Debug|x86
		{45524ED2-8B5A-42E8-97A2-DCA44ECC83AA}.Release|x64.ActiveCfg = Release|x64
		{45524ED2-8B5A-42E8-97A2-DCA44ECC83AA}.Release|x64.Build.0 = Release|x64
		{45524ED2-8B5A-42E8-97A2-DCA44ECC83AA}.Release|x86.ActiveCfg = Release|x86
		{45524ED2-8B5A-42E8-97A2-DCA44ECC83AA}.Release|x86.Build.0 = Release|x86
		{B131E361-78CE-489B-B2C4-130C5FEB70F4}.Debug|x64.ActiveCfg = Debug|x64
		{B131E361-78CE-489B-B2C4-130C5FEB70F4}.Debug|x64.Build.0 = Debug|x64
		{B131E361-78CE-489B-B2C4-130C5FEB70F4}.Debug|x86.ActiveCfg = Debug|x86
		{B131E361-78CE-489B-B2C4-130C5FEB70F4}.Debug|x86.Build.0 = Debug|x86
		{B131E361-78CE-489B-B2C4-130C5FEB70F4}.Release|x64.ActiveCfg = Release|Any CPU
		{B131E361-78CE-489B-B2C4-130C5FEB70F4}.Release|x64.Build.0 = Release|Any CPU
		{B131E361-78CE-489B-B2C4-130C5FEB70F4}.Release|x86.ActiveCfg = Release|Any CPU
		{B131E361-78CE-489B-B2C4-130C5FEB70F4}.Release|x86.Build.0 = Release|Any CPU
		{A6F9DAE8-8CDC-4693-83E7-C9C59D1477FE}.Debug|x64.ActiveCfg = Debug|x64
		{A6F9DAE8-8CDC-4693-83E7-C9C59D1477FE}.Debug|x64.Build.0 = Debug|x64
		{A6F9DAE8-8CDC-4693-83E7-C9C59D1477FE}.Debug|x86.ActiveCfg = Debug|x86
		{A6F9DAE8-8CDC-4693-83E7-C9C59D1477FE}.Debug|x86.Build.0 = Debug|x86
		{A6F9DAE8-8CDC-4693-83E7-C9C59D1477FE}.Release|x64.ActiveCfg = Release|Any CPU
		{A6F9DAE8-8CDC-4693-83E7-C9C59D1477FE}.Release|x64.Build.0 = Release|Any CPU
		{A6F9DAE8-8CDC-4693-83E7-C9C59D1477FE}.Release|x86.ActiveCfg = Release|Any CPU
		{A6F9DAE8-8CDC-4693-83E7-C9C59D1477FE}.Release|x86.Build.0 = Release|Any CPU
		{F8393C4E-4501-4CC2-8767-ABFE3AD1C0FB}.Debug|x64.ActiveCfg = Debug|x64
		{F8393C4E-4501-4CC2-8767-ABFE3AD1C0FB}.Debug|x64.Build.0 = Debug|x64
		{F8393C4E-4501-4CC2-8767-ABFE3AD1C0FB}.Debug|x86.ActiveCfg = Debug|x86
		{F8393C4E-4501-4CC2-8767-ABFE3AD1C0FB}.Debug|x86.Build.0 = Debug|x86
		{F8393C4E-4501-4CC2-8767-ABFE3AD1C0FB}.Release|x64.ActiveCfg = Release|Any CPU
		{F8393C4E-4501-4CC2-8767-ABFE3AD1C0FB}.Release|x64.Build.0 = Release|Any CPU
		{F8393C4E-4501-4CC2-8767-ABFE3AD1C0FB}.Release|x86.ActiveCfg = Release|Any CPU
		{F8393C4E-4501-4CC2-8767-ABFE3AD1C0FB}.Release|x86.Build.0 = Release|Any CPU
		{9C49A885-D39B-4CA0-9DEB-204A6EA7D453}.Debug|x64.ActiveCfg = Debug|x64
		{9C49A885-D39B-4CA0-9DEB-204A6EA7D453}.Debug|x64.Build.0 = Debug|x64
		{9C49A885-D39B-4CA0-9DEB-204A6EA7D453}.Debug|x86.ActiveCfg = Debug|x86
		{9C49A885-D39B-4CA0-9DEB-204A6EA7D453}.Debug|x86.Build.0 = Debug|x86
		{9C49A885-D39B-4CA0-9DEB-204A6EA7D453}.Release|x64.ActiveCfg = Release|x64
		{9C49A885-D39B-4CA0-9DEB-204A6EA7D453}.Release|x64.Build.0 = Release|x64
		{9C49A885-D39B-4CA0-9DEB-204A6EA7D453}.Release|x86.ActiveCfg = Release|x86
		{9C49A885-D39B-4CA0-9DEB-204A6EA7D453}.Release|x86.Build.0 = Release|x86
		{F87EDD34-AF48-45C7-9342-49023B882DA1}.Debug|x64.ActiveCfg = Debug|x64
		{F87EDD34-AF48-45C7-9342-49023B882DA1}.Debug|x64.Build.0 = Debug|x64
		{F87EDD34-AF48-45C7-9342-49023B882DA1}.Debug|x86.ActiveCfg = Debug|x86
		{F87EDD34-AF48-45C7-9342-49023B882DA1}.Debug|x86.Build.0 = Debug|x86
		{F87EDD34-AF48-45C7-9342-49023B882DA1}.Release|x64.ActiveCfg = Release|Any CPU
		{F87EDD34-AF48-45C7-9342-49023B882DA1}.Release|x64.Build.0 = Release|Any CPU
		{F87EDD34-AF48-45C7-9342-49023B882DA1}.Release|x86.ActiveCfg = Release|Any CPU
		{F87EDD34-AF48-45C7-9342-49023B882DA1}.Release|x86.Build.0 = Release|Any CPU
		{0F5A016F-981F-485D-871C-F75C4FAE60C5}.Debug|x64.ActiveCfg = Debug|x64
		{0F5A016F-981F-485D-871C-F75C4FAE60C5}.Debug|x64.Build.0 = Debug|x64
		{0F5A016F-981F-485D-871C-F75C4FAE60C5}.Debug|x64.Deploy.0 = Debug|x64
		{0F5A016F-981F-485D-871C-F75C4FAE60C5}.Debug|x86.ActiveCfg = Debug|x86
		{0F5A016F-981F-485D-871C-F75C4FAE60C5}.Debug|x86.Build.0 = Debug|x86
		{0F5A016F-981F-485D-871C-F75C4FAE60C5}.Debug|x86.Deploy.0 = Debug|x86
		{0F5A016F-981F-485D-871C-F75C4FAE60C5}.Release|x64.ActiveCfg = Release|x64
		{0F5A016F-981F-485D-871C-F75C4FAE60C5}.Release|x64.Build.0 = Release|x64
		{0F5A016F-981F-485D-871C-F75C4FAE60C5}.Release|x86.ActiveCfg = Release|x86
		{0F5A016F-981F-485D-871C-F75C4FAE60C5}.Release|x86.Build.0 = Release|x86
		{015A0047-772D-4F1A-88C9-45C18F0ADFB6}.Debug|x64.ActiveCfg = Debug|x64
		{015A0047-772D-4F1A-88C9-45C18F0ADFB6}.Debug|x64.Build.0 = Debug|x64
		{015A0047-772D-4F1A-88C9-45C18F0ADFB6}.Debug|x86.ActiveCfg = Debug|Win32
		{015A0047-772D-4F1A-88C9-45C18F0ADFB6}.Debug|x86.Build.0 = Debug|Win32
		{015A0047-772D-4F1A-88C9-45C18F0ADFB6}.Release|x64.ActiveCfg = Release|x64
		{015A0047-772D-4F1A-88C9-45C18F0ADFB6}.Release|x64.Build.0 = Release|x64
		{015A0047-772D-4F1A-88C9-45C18F0ADFB6}.Release|x86.ActiveCfg = Release|Win32
		{015A0047-772D-4F1A-88C9-45C18F0ADFB6}.Release|x86.Build.0 = Release|Win32
		{AF47C3D9-0E6E-4431-BB04-A4B6AA804A93}.Debug|x64.ActiveCfg = Debug|x64
		{AF47C3D9-0E6E-4431-BB04-A4B6AA804A93}.Debug|x64.Build.0 = Debug|x64
		{AF47C3D9-0E6E-4431-BB04-A4B6AA804A93}.Debug|x86.ActiveCfg = Debug|x86
		{AF47C3D9-0E6E-4431-BB04-A4B6AA804A93}.Debug|x86.Build.0 = Debug|x86
		{AF47C3D9-0E6E-4431-BB04-A4B6AA804A93}.Release|x64.ActiveCfg = Release|Any CPU
		{AF47C3D9-0E6E-4431-BB04-A4B6AA804A93}.Release|x64.Build.0 = Release|Any CPU
		{AF47C3D9-0E6E-4431-BB04-A4B6AA804A93}.Release|x86.ActiveCfg = Release|Any CPU
		{AF47C3D9-0E6E-4431-BB04-A4B6AA804A93}.Release|x86.Build.0 = Release|Any CPU
	EndGlobalSection
	GlobalSection(SolutionProperties) = preSolution
		HideSolutionNode = FALSE
	EndGlobalSection
	GlobalSection(NestedProjects) = preSolution
		{9AFF2EBF-08DA-44C1-AC09-187561FF1147} = {C0C8A97B-5921-465A-880C-3D5098872295}
		{B8A39E8C-1B73-4A95-BB26-E92D39B7A932} = {C0C8A97B-5921-465A-880C-3D5098872295}
		{B220BE88-944E-45D1-9248-6FAEF53868A3} = {9AFF2EBF-08DA-44C1-AC09-187561FF1147}
		{10129749-7761-49B8-96B9-94BC833BA60B} = {9AFF2EBF-08DA-44C1-AC09-187561FF1147}
		{2E49400E-B114-4FAE-B743-6CB57B500E31} = {9AFF2EBF-08DA-44C1-AC09-187561FF1147}
		{B4911490-D52E-4CF2-BD14-BA487BDF2240} = {E3B3FB12-67C0-404C-BA3F-08E65BCC682C}
		{8861D7E9-A7C5-4174-8FCE-3DCDF33C318B} = {E3B3FB12-67C0-404C-BA3F-08E65BCC682C}
		{D103E448-64B1-407C-B09E-7C61AF9F2740} = {B8A39E8C-1B73-4A95-BB26-E92D39B7A932}
		{2FE9AA6A-BD27-438F-9941-221033E4A1DD} = {B8A39E8C-1B73-4A95-BB26-E92D39B7A932}
		{45524ED2-8B5A-42E8-97A2-DCA44ECC83AA} = {78966152-2550-4FA3-BDAC-CBEB078E739F}
		{78966152-2550-4FA3-BDAC-CBEB078E739F} = {E3B3FB12-67C0-404C-BA3F-08E65BCC682C}
		{A6F9DAE8-8CDC-4693-83E7-C9C59D1477FE} = {C0C8A97B-5921-465A-880C-3D5098872295}
		{F8393C4E-4501-4CC2-8767-ABFE3AD1C0FB} = {C0C8A97B-5921-465A-880C-3D5098872295}
		{9C49A885-D39B-4CA0-9DEB-204A6EA7D453} = {78966152-2550-4FA3-BDAC-CBEB078E739F}
		{F87EDD34-AF48-45C7-9342-49023B882DA1} = {E3B3FB12-67C0-404C-BA3F-08E65BCC682C}
		{0F5A016F-981F-485D-871C-F75C4FAE60C5} = {78966152-2550-4FA3-BDAC-CBEB078E739F}
		{015A0047-772D-4F1A-88C9-45C18F0ADFB6} = {E3B3FB12-67C0-404C-BA3F-08E65BCC682C}
		{AF47C3D9-0E6E-4431-BB04-A4B6AA804A93} = {E3B3FB12-67C0-404C-BA3F-08E65BCC682C}
	EndGlobalSection
	GlobalSection(ExtensibilityGlobals) = postSolution
		SolutionGuid = {AFDF3CA9-FBAD-4C80-A08A-7B69D21D561E}
	EndGlobalSection
EndGlobal
